
Microsoft Visual Studio Solution File, Format Version 12.00
# Visual Studio Version 17
VisualStudioVersion = 17.3.32811.315
MinimumVisualStudioVersion = 10.0.40219.1
Project("{FAE04EC0-301F-11D3-BF4B-00C04F79EFBC}") = "RSSAnimeFeed_Console", "RSSAnimeFeed_Console\RSSAnimeFeed_Console.csproj", "{24523CC8-B1D7-4342-8C44-EB9E7609E6DB}"
EndProject
Global
	GlobalSection(SolutionConfigurationPlatforms) = preSolution
		Debug|Any CPU = Debug|Any CPU
		Release|Any CPU = Release|Any CPU
	EndGlobalSection
	GlobalSection(ProjectConfigurationPlatforms) = postSolution
		{24523CC8-B1D7-4342-8C44-EB9E7609E6DB}.Debug|Any CPU.ActiveCfg = Debug|Any CPU
		{24523CC8-B1D7-4342-8C44-EB9E7609E6DB}.Debug|Any CPU.Build.0 = Debug|Any CPU
		{24523CC8-B1D7-4342-8C44-EB9E7609E6DB}.Release|Any CPU.ActiveCfg = Release|Any CPU
		{24523CC8-B1D7-4342-8C44-EB9E7609E6DB}.Release|Any CPU.Build.0 = Release|Any CPU
	EndGlobalSection
	GlobalSection(SolutionProperties) = preSolution
		HideSolutionNode = FALSE
	EndGlobalSection
	GlobalSection(ExtensibilityGlobals) = postSolution
		SolutionGuid = {2595D72A-BB42-436B-83CD-EA3CFB607082}
	EndGlobalSection
EndGlobal
